
Microsoft Visual Studio Solution File, Format Version 12.00
# Visual Studio Version 17
VisualStudioVersion = 17.8.34601.278
MinimumVisualStudioVersion = 10.0.40219.1
Project("{FAE04EC0-301F-11D3-BF4B-00C04F79EFBC}") = "Get Well Soon!", "Get Well Soon!\Get Well Soon!.csproj", "{A10E8155-42E9-4D7A-A7C6-5D650E72AC1A}"
EndProject
Global
	GlobalSection(SolutionConfigurationPlatforms) = preSolution
		Debug|Any CPU = Debug|Any CPU
		Release|Any CPU = Release|Any CPU
	EndGlobalSection
	GlobalSection(ProjectConfigurationPlatforms) = postSolution
		{A10E8155-42E9-4D7A-A7C6-5D650E72AC1A}.Debug|Any CPU.ActiveCfg = Debug|Any CPU
		{A10E8155-42E9-4D7A-A7C6-5D650E72AC1A}.Debug|Any CPU.Build.0 = Debug|Any CPU
		{A10E8155-42E9-4D7A-A7C6-5D650E72AC1A}.Release|Any CPU.ActiveCfg = Release|Any CPU
		{A10E8155-42E9-4D7A-A7C6-5D650E72AC1A}.Release|Any CPU.Build.0 = Release|Any CPU
	EndGlobalSection
	GlobalSection(SolutionProperties) = preSolution
		HideSolutionNode = FALSE
	EndGlobalSection
	GlobalSection(ExtensibilityGlobals) = postSolution
		SolutionGuid = {17EF401E-53AF-4C76-82B6-723BCF1DEB70}
	EndGlobalSection
EndGlobal
